
Microsoft Visual Studio Solution File, Format Version 12.00
# Visual Studio Version 17
VisualStudioVersion = 17.12.35506.116 d17.12
MinimumVisualStudioVersion = 10.0.40219.1
Project("{2150E333-8FDC-42A3-9474-1A3956D46DE8}") = "Deployments", "Deployments", "{393CF034-2108-4DDE-B3E5-87D38D5626D9}"
	ProjectSection(SolutionItems) = preProject
		.github\workflows\build.yml = .github\workflows\build.yml
		.github\workflows\push-nuget-package.yml = .github\workflows\push-nuget-package.yml
		.github\workflows\release.yml = .github\workflows\release.yml
		.github\workflows\run-tests.yml = .github\workflows\run-tests.yml
		.github\workflows\service-tests.yml = .github\workflows\service-tests.yml
		.github\workflows\service-versioning.yml = .github\workflows\service-versioning.yml
	EndProjectSection
EndProject
Project("{FAE04EC0-301F-11D3-BF4B-00C04F79EFBC}") = "EventBus.RabbitMQ", "src\EventBus.RabbitMQ.csproj", "{0A198C2E-BD82-445C-BE85-A01D679D6441}"
EndProject
Project("{2150E333-8FDC-42A3-9474-1A3956D46DE8}") = "Tests", "Tests", "{5BBC5F2C-37A0-4220-94B2-3E6D17E81F6F}"
EndProject
Project("{2150E333-8FDC-42A3-9474-1A3956D46DE8}") = "Services", "Services", "{6BD5AA8E-D344-4DC4-A28C-FC2AC8452494}"
EndProject
Project("{FAE04EC0-301F-11D3-BF4B-00C04F79EFBC}") = "UsersService", "tests\Services\UsersService\UsersService.csproj", "{6B1941E8-84D8-4F87-B2DB-CF65822DC6AC}"
EndProject
Project("{FAE04EC0-301F-11D3-BF4B-00C04F79EFBC}") = "OrdersService", "tests\Services\OrdersService\OrdersService.csproj", "{A665345B-F16A-494E-B7AE-21A76B4AB18E}"
EndProject
Project("{FAE04EC0-301F-11D3-BF4B-00C04F79EFBC}") = "EventBus.RabbitMQ.Tests", "tests\EventBus.RabbitMQ.Tests\EventBus.RabbitMQ.Tests.csproj", "{7DF5D568-8DFE-49F6-A368-8226D5A97533}"
EndProject
Project("{FAE04EC0-301F-11D3-BF4B-00C04F79EFBC}") = "AspireHost", "tests\Services\AspireHost\AspireHost.csproj", "{7A8FB983-5DCD-4BFB-99F5-484DF973B645}"
EndProject
Project("{FAE04EC0-301F-11D3-BF4B-00C04F79EFBC}") = "ServiceDefaults", "tests\Services\ServiceDefaults\ServiceDefaults.csproj", "{D1193F0E-363B-45BB-A96B-10041AEF32C4}"
EndProject
Project("{2150E333-8FDC-42A3-9474-1A3956D46DE8}") = "Aspire", "Aspire", "{13806557-0EB4-462C-A00E-B763D2394CBA}"
EndProject
Global
	GlobalSection(SolutionConfigurationPlatforms) = preSolution
		Debug|Any CPU = Debug|Any CPU
		Release|Any CPU = Release|Any CPU
	EndGlobalSection
	GlobalSection(ProjectConfigurationPlatforms) = postSolution
		{0A198C2E-BD82-445C-BE85-A01D679D6441}.Debug|Any CPU.ActiveCfg = Debug|Any CPU
		{0A198C2E-BD82-445C-BE85-A01D679D6441}.Debug|Any CPU.Build.0 = Debug|Any CPU
		{0A198C2E-BD82-445C-BE85-A01D679D6441}.Release|Any CPU.ActiveCfg = Release|Any CPU
		{0A198C2E-BD82-445C-BE85-A01D679D6441}.Release|Any CPU.Build.0 = Release|Any CPU
		{6B1941E8-84D8-4F87-B2DB-CF65822DC6AC}.Debug|Any CPU.ActiveCfg = Debug|Any CPU
		{6B1941E8-84D8-4F87-B2DB-CF65822DC6AC}.Debug|Any CPU.Build.0 = Debug|Any CPU
		{6B1941E8-84D8-4F87-B2DB-CF65822DC6AC}.Release|Any CPU.ActiveCfg = Release|Any CPU
		{6B1941E8-84D8-4F87-B2DB-CF65822DC6AC}.Release|Any CPU.Build.0 = Release|Any CPU
		{A665345B-F16A-494E-B7AE-21A76B4AB18E}.Debug|Any CPU.ActiveCfg = Debug|Any CPU
		{A665345B-F16A-494E-B7AE-21A76B4AB18E}.Debug|Any CPU.Build.0 = Debug|Any CPU
		{A665345B-F16A-494E-B7AE-21A76B4AB18E}.Release|Any CPU.ActiveCfg = Release|Any CPU
		{A665345B-F16A-494E-B7AE-21A76B4AB18E}.Release|Any CPU.Build.0 = Release|Any CPU
		{7DF5D568-8DFE-49F6-A368-8226D5A97533}.Debug|Any CPU.ActiveCfg = Debug|Any CPU
		{7DF5D568-8DFE-49F6-A368-8226D5A97533}.Debug|Any CPU.Build.0 = Debug|Any CPU
		{7DF5D568-8DFE-49F6-A368-8226D5A97533}.Release|Any CPU.ActiveCfg = Release|Any CPU
		{7DF5D568-8DFE-49F6-A368-8226D5A97533}.Release|Any CPU.Build.0 = Release|Any CPU
		{7A8FB983-5DCD-4BFB-99F5-484DF973B645}.Debug|Any CPU.ActiveCfg = Debug|Any CPU
		{7A8FB983-5DCD-4BFB-99F5-484DF973B645}.Debug|Any CPU.Build.0 = Debug|Any CPU
		{7A8FB983-5DCD-4BFB-99F5-484DF973B645}.Release|Any CPU.ActiveCfg = Release|Any CPU
		{7A8FB983-5DCD-4BFB-99F5-484DF973B645}.Release|Any CPU.Build.0 = Release|Any CPU
		{D1193F0E-363B-45BB-A96B-10041AEF32C4}.Debug|Any CPU.ActiveCfg = Debug|Any CPU
		{D1193F0E-363B-45BB-A96B-10041AEF32C4}.Debug|Any CPU.Build.0 = Debug|Any CPU
		{D1193F0E-363B-45BB-A96B-10041AEF32C4}.Release|Any CPU.ActiveCfg = Release|Any CPU
		{D1193F0E-363B-45BB-A96B-10041AEF32C4}.Release|Any CPU.Build.0 = Release|Any CPU
	EndGlobalSection
	GlobalSection(SolutionProperties) = preSolution
		HideSolutionNode = FALSE
	EndGlobalSection
	GlobalSection(NestedProjects) = preSolution
		{6BD5AA8E-D344-4DC4-A28C-FC2AC8452494} = {5BBC5F2C-37A0-4220-94B2-3E6D17E81F6F}
		{6B1941E8-84D8-4F87-B2DB-CF65822DC6AC} = {6BD5AA8E-D344-4DC4-A28C-FC2AC8452494}
		{A665345B-F16A-494E-B7AE-21A76B4AB18E} = {6BD5AA8E-D344-4DC4-A28C-FC2AC8452494}
		{7DF5D568-8DFE-49F6-A368-8226D5A97533} = {5BBC5F2C-37A0-4220-94B2-3E6D17E81F6F}
		{13806557-0EB4-462C-A00E-B763D2394CBA} = {6BD5AA8E-D344-4DC4-A28C-FC2AC8452494}
		{7A8FB983-5DCD-4BFB-99F5-484DF973B645} = {13806557-0EB4-462C-A00E-B763D2394CBA}
		{D1193F0E-363B-45BB-A96B-10041AEF32C4} = {13806557-0EB4-462C-A00E-B763D2394CBA}
	EndGlobalSection
EndGlobal
